// !$*UTF8*$!
{
	archiveVersion = 1;
	classes = {
	};
	objectVersion = 46;
	objects = {

/* Begin PBXBuildFile section */
		CEB07D2D1CF7B04100334CED /* AppDelegate.swift in Sources */ = {isa = PBXBuildFile; fileRef = CEB07D2C1CF7B04100334CED /* AppDelegate.swift */; };
		CEB07D2F1CF7B04100334CED /* ViewController.swift in Sources */ = {isa = PBXBuildFile; fileRef = CEB07D2E1CF7B04100334CED /* ViewController.swift */; };
		CEB07D321CF7B04100334CED /* Main.storyboard in Resources */ = {isa = PBXBuildFile; fileRef = CEB07D301CF7B04100334CED /* Main.storyboard */; };
		CEB07D341CF7B04100334CED /* Assets.xcassets in Resources */ = {isa = PBXBuildFile; fileRef = CEB07D331CF7B04100334CED /* Assets.xcassets */; };
		CEB07D371CF7B04100334CED /* LaunchScreen.storyboard in Resources */ = {isa = PBXBuildFile; fileRef = CEB07D351CF7B04100334CED /* LaunchScreen.storyboard */; };
/* End PBXBuildFile section */

/* Begin PBXFileReference section */
		CEB07D291CF7B04100334CED /* location_tracker.app */ = {isa = PBXFileReference; explicitFileType = wrapper.application; includeInIndex = 0; path = location_tracker.app; sourceTree = BUILT_PRODUCTS_DIR; };
		CEB07D2C1CF7B04100334CED /* AppDelegate.swift */ = {isa = PBXFileReference; lastKnownFileType = sourcecode.swift; path = AppDelegate.swift; sourceTree = "<group>"; };
		CEB07D2E1CF7B04100334CED /* ViewController.swift */ = {isa = PBXFileReference; lastKnownFileType = sourcecode.swift; path = ViewController.swift; sourceTree = "<group>"; };
		CEB07D311CF7B04100334CED /* Base */ = {isa = PBXFileReference; lastKnownFileType = file.storyboard; name = Base; path = Base.lproj/Main.storyboard; sourceTree = "<group>"; };
		CEB07D331CF7B04100334CED /* Assets.xcassets */ = {isa = PBXFileReference; lastKnownFileType = folder.assetcatalog; path = Assets.xcassets; sourceTree = "<group>"; };
		CEB07D361CF7B04100334CED /* Base */ = {isa = PBXFileReference; lastKnownFileType = file.storyboard; name = Base; path = Base.lproj/LaunchScreen.storyboard; sourceTree = "<group>"; };
		CEB07D381CF7B04100334CED /* Info.plist */ = {isa = PBXFileReference; lastKnownFileType = text.plist.xml; path = Info.plist; sourceTree = "<group>"; };
/* End PBXFileReference section */

/* Begin PBXFrameworksBuildPhase section */
		CEB07D261CF7B04100334CED /* Frameworks */ = {
			isa = PBXFrameworksBuildPhase;
			buildActionMask = 2147483647;
			files = (
			);
			runOnlyForDeploymentPostprocessing = 0;
		};
/* End PBXFrameworksBuildPhase section */

/* Begin PBXGroup section */
		CEB07D201CF7B04100334CED = {
			isa = PBXGroup;
			children = (
				CEB07D2B1CF7B04100334CED /* location_tracker */,
				CEB07D2A1CF7B04100334CED /* Products */,
			);
			sourceTree = "<group>";
		};
		CEB07D2A1CF7B04100334CED /* Products */ = {
			isa = PBXGroup;
			children = (
				CEB07D291CF7B04100334CED /* location_tracker.app */,
			);
			name = Products;
			sourceTree = "<group>";
		};
		CEB07D2B1CF7B04100334CED /* location_tracker */ = {
			isa = PBXGroup;
			children = (
				CEB07D2C1CF7B04100334CED /* AppDelegate.swift */,
				CEB07D2E1CF7B04100334CED /* ViewController.swift */,
				CEB07D301CF7B04100334CED /* Main.storyboard */,
				CEB07D331CF7B04100334CED /* Assets.xcassets */,
				CEB07D351CF7B04100334CED /* LaunchScreen.storyboard */,
				CEB07D381CF7B04100334CED /* Info.plist */,
			);
			path = location_tracker;
			sourceTree = "<group>";
		};
/* End PBXGroup section */

/* Begin PBXNativeTarget section */
		CEB07D281CF7B04100334CED /* location_tracker */ = {
			isa = PBXNativeTarget;
			buildConfigurationList = CEB07D3B1CF7B04100334CED /* Build configuration list for PBXNativeTarget "location_tracker" */;
			buildPhases = (
				CEB07D251CF7B04100334CED /* Sources */,
				CEB07D261CF7B04100334CED /* Frameworks */,
				CEB07D271CF7B04100334CED /* Resources */,
			);
			buildRules = (
			);
			dependencies = (
			);
			name = location_tracker;
			productName = location_tracker;
			productReference = CEB07D291CF7B04100334CED /* location_tracker.app */;
			productType = "com.apple.product-type.application";
		};
/* End PBXNativeTarget section */

/* Begin PBXProject section */
		CEB07D211CF7B04100334CED /* Project object */ = {
			isa = PBXProject;
			attributes = {
				LastSwiftUpdateCheck = 0730;
				LastUpgradeCheck = 0730;
				ORGANIZATIONNAME = User;
				TargetAttributes = {
					CEB07D281CF7B04100334CED = {
						CreatedOnToolsVersion = 7.3.1;
					};
				};
			};
			buildConfigurationList = CEB07D241CF7B04100334CED /* Build configuration list for PBXProject "location_tracker" */;
			compatibilityVersion = "Xcode 3.2";
			developmentRegion = English;
			hasScannedForEncodings = 0;
			knownRegions = (
				en,
				Base,
			);
			mainGroup = CEB07D201CF7B04100334CED;
			productRefGroup = CEB07D2A1CF7B04100334CED /* Products */;
			projectDirPath = "";
			projectRoot = "";
			targets = (
				CEB07D281CF7B04100334CED /* location_tracker */,
			);
		};
/* End PBXProject section */

/* Begin PBXResourcesBuildPhase section */
		CEB07D271CF7B04100334CED /* Resources */ = {
			isa = PBXResourcesBuildPhase;
			buildActionMask = 2147483647;
			files = (
				CEB07D371CF7B04100334CED /* LaunchScreen.storyboard in Resources */,
				CEB07D341CF7B04100334CED /* Assets.xcassets in Resources */,
				CEB07D321CF7B04100334CED /* Main.storyboard in Resources */,
			);
			runOnlyForDeploymentPostprocessing = 0;
		};
/* End PBXResourcesBuildPhase section */

/* Begin PBXSourcesBuildPhase section */
		CEB07D251CF7B04100334CED /* Sources */ = {
			isa = PBXSourcesBuildPhase;
			buildActionMask = 2147483647;
			files = (
				CEB07D2F1CF7B04100334CED /* ViewController.swift in Sources */,
				CEB07D2D1CF7B04100334CED /* AppDelegate.swift in Sources */,
			);
			runOnlyForDeploymentPostprocessing = 0;
		};
/* End PBXSourcesBuildPhase section */

/* Begin PBXVariantGroup section */
		CEB07D301CF7B04100334CED /* Main.storyboard */ = {
			isa = PBXVariantGroup;
			children = (
				CEB07D311CF7B04100334CED /* Base */,
			);
			name = Main.storyboard;
			sourceTree = "<group>";
		};
		CEB07D351CF7B04100334CED /* LaunchScreen.storyboard */ = {
			isa = PBXVariantGroup;
			children = (
				CEB07D361CF7B04100334CED /* Base */,
			);
			name = LaunchScreen.storyboard;
			sourceTree = "<group>";
		};
/* End PBXVariantGroup section */

/* Begin XCBuildConfiguration section */
		CEB07D391CF7B04100334CED /* Debug */ = {
			isa = XCBuildConfiguration;
			buildSettings = {
				ALWAYS_SEARCH_USER_PATHS = NO;
				CLANG_ANALYZER_NONNULL = YES;
				CLANG_CXX_LANGUAGE_STANDARD = "gnu++0x";
				CLANG_CXX_LIBRARY = "libc++";
				CLANG_ENABLE_MODULES = YES;
				CLANG_ENABLE_OBJC_ARC = YES;
				CLANG_WARN_BOOL_CONVERSION = YES;
				CLANG_WARN_CONSTANT_CONVERSION = YES;
				CLANG_WARN_DIRECT_OBJC_ISA_USAGE = YES_ERROR;
				CLANG_WARN_EMPTY_BODY = YES;
				CLANG_WARN_ENUM_CONVERSION = YES;
				CLANG_WARN_INT_CONVERSION = YES;
				CLANG_WARN_OBJC_ROOT_CLASS = YES_ERROR;
				CLANG_WARN_UNREACHABLE_CODE = YES;
				CLANG_WARN__DUPLICATE_METHOD_MATCH = YES;
				"CODE_SIGN_IDENTITY[sdk=iphoneos*]" = "iPhone Developer";
				COPY_PHASE_STRIP = NO;
				DEBUG_INFORMATION_FORMAT = dwarf;
				ENABLE_STRICT_OBJC_MSGSEND = YES;
				ENABLE_TESTABILITY = YES;
				GCC_C_LANGUAGE_STANDARD = gnu99;
				GCC_DYNAMIC_NO_PIC = NO;
				GCC_NO_COMMON_BLOCKS = YES;
				GCC_OPTIMIZATION_LEVEL = 0;
				GCC_PREPROCESSOR_DEFINITIONS = (
					"DEBUG=1",
					"$(inherited)",
				);
				GCC_WARN_64_TO_32_BIT_CONVERSION = YES;
				GCC_WARN_ABOUT_RETURN_TYPE = YES_ERROR;
				GCC_WARN_UNDECLARED_SELECTOR = YES;
				GCC_WARN_UNINITIALIZED_AUTOS = YES_AGGRESSIVE;
				GCC_WARN_UNUSED_FUNCTION = YES;
				GCC_WARN_UNUSED_VARIABLE = YES;
				IPHONEOS_DEPLOYMENT_TARGET = 9.3;
				MTL_ENABLE_DEBUG_INFO = YES;
				ONLY_ACTIVE_ARCH = YES;
				SDKROOT = iphoneos;
				SWIFT_OPTIMIZATION_LEVEL = "-Onone";
			};
			name = Debug;
		};
		CEB07D3A1CF7B04100334CED /* Release */ = {
			isa = XCBuildConfiguration;
			buildSettings = {
				ALWAYS_SEARCH_USER_PATHS = NO;
				CLANG_ANALYZER_NONNULL = YES;
				CLANG_CXX_LANGUAGE_STANDARD = "gnu++0x";
				CLANG_CXX_LIBRARY = "libc++";
				CLANG_ENABLE_MODULES = YES;
				CLANG_ENABLE_OBJC_ARC = YES;
				CLANG_WARN_BOOL_CONVERSION = YES;
				CLANG_WARN_CONSTANT_CONVERSION = YES;
				CLANG_WARN_DIRECT_OBJC_ISA_USAGE = YES_ERROR;
				CLANG_WARN_EMPTY_BODY = YES;
				CLANG_WARN_ENUM_CONVERSION = YES;
				CLANG_WARN_INT_CONVERSION = YES;
				CLANG_WARN_OBJC_ROOT_CLASS = YES_ERROR;
				CLANG_WARN_UNREACHABLE_CODE = YES;
				CLANG_WARN__DUPLICATE_METHOD_MATCH = YES;
				"CODE_SIGN_IDENTITY[sdk=iphoneos*]" = "iPhone Developer";
				COPY_PHASE_STRIP = NO;
				DEBUG_INFORMATION_FORMAT = "dwarf-with-dsym";
				ENABLE_NS_ASSERTIONS = NO;
				ENABLE_STRICT_OBJC_MSGSEND = YES;
				GCC_C_LANGUAGE_STANDARD = gnu99;
				GCC_NO_COMMON_BLOCKS = YES;
				GCC_WARN_64_TO_32_BIT_CONVERSION = YES;
				GCC_WARN_ABOUT_RETURN_TYPE = YES_ERROR;
				GCC_WARN_UNDECLARED_SELECTOR = YES;
				GCC_WARN_UNINITIALIZED_AUTOS = YES_AGGRESSIVE;
				GCC_WARN_UNUSED_FUNCTION = YES;
				GCC_WARN_UNUSED_VARIABLE = YES;
				IPHONEOS_DEPLOYMENT_TARGET = 9.3;
				MTL_ENABLE_DEBUG_INFO = NO;
				SDKROOT = iphoneos;
				VALIDATE_PRODUCT = YES;
			};
			name = Release;
		};
		CEB07D3C1CF7B04100334CED /* Debug */ = {
			isa = XCBuildConfiguration;
			buildSettings = {
				ASSETCATALOG_COMPILER_APPICON_NAME = AppIcon;
				INFOPLIST_FILE = location_tracker/Info.plist;
				LD_RUNPATH_SEARCH_PATHS = "$(inherited) @executable_path/Frameworks";
				PRODUCT_BUNDLE_IDENTIFIER = "com.seyi.location-tracker";
				PRODUCT_NAME = "$(TARGET_NAME)";
			};
			name = Debug;
		};
		CEB07D3D1CF7B04100334CED /* Release */ = {
			isa = XCBuildConfiguration;
			buildSettings = {
				ASSETCATALOG_COMPILER_APPICON_NAME = AppIcon;
				INFOPLIST_FILE = location_tracker/Info.plist;
				LD_RUNPATH_SEARCH_PATHS = "$(inherited) @executable_path/Frameworks";
				PRODUCT_BUNDLE_IDENTIFIER = "com.seyi.location-tracker";
				PRODUCT_NAME = "$(TARGET_NAME)";
			};
			name = Release;
		};
/* End XCBuildConfiguration section */

/* Begin XCConfigurationList section */
		CEB07D241CF7B04100334CED /* Build configuration list for PBXProject "location_tracker" */ = {
			isa = XCConfigurationList;
			buildConfigurations = (
				CEB07D391CF7B04100334CED /* Debug */,
				CEB07D3A1CF7B04100334CED /* Release */,
			);
			defaultConfigurationIsVisible = 0;
			defaultConfigurationName = Release;
		};
		CEB07D3B1CF7B04100334CED /* Build configuration list for PBXNativeTarget "location_tracker" */ = {
			isa = XCConfigurationList;
			buildConfigurations = (
				CEB07D3C1CF7B04100334CED /* Debug */,
				CEB07D3D1CF7B04100334CED /* Release */,
			);
			defaultConfigurationIsVisible = 0;
		};
/* End XCConfigurationList section */
	};
	rootObject = CEB07D211CF7B04100334CED /* Project object */;
}
